
Microsoft Visual Studio Solution File, Format Version 12.00
# Visual Studio Version 17
VisualStudioVersion = 17.9.34728.123
MinimumVisualStudioVersion = 10.0.40219.1
Project("{9A19103F-16F7-4668-BE54-9A1E7A4F7556}") = "WebApp", "WebApp\WebApp\WebApp.csproj", "{C3452247-7FBB-4086-88D0-881E4D0110C9}"
EndProject
Project("{9A19103F-16F7-4668-BE54-9A1E7A4F7556}") = "WebApp.Client", "WebApp\WebApp.Client\WebApp.Client.csproj", "{CE17AB0D-70CA-485D-A44B-FEAE8DC49EC2}"
EndProject
Global
	GlobalSection(SolutionConfigurationPlatforms) = preSolution
		Debug|Any CPU = Debug|Any CPU
		Release|Any CPU = Release|Any CPU
	EndGlobalSection
	GlobalSection(ProjectConfigurationPlatforms) = postSolution
		{C3452247-7FBB-4086-88D0-881E4D0110C9}.Debug|Any CPU.ActiveCfg = Debug|Any CPU
		{C3452247-7FBB-4086-88D0-881E4D0110C9}.Debug|Any CPU.Build.0 = Debug|Any CPU
		{C3452247-7FBB-4086-88D0-881E4D0110C9}.Release|Any CPU.ActiveCfg = Release|Any CPU
		{C3452247-7FBB-4086-88D0-881E4D0110C9}.Release|Any CPU.Build.0 = Release|Any CPU
		{CE17AB0D-70CA-485D-A44B-FEAE8DC49EC2}.Debug|Any CPU.ActiveCfg = Debug|Any CPU
		{CE17AB0D-70CA-485D-A44B-FEAE8DC49EC2}.Debug|Any CPU.Build.0 = Debug|Any CPU
		{CE17AB0D-70CA-485D-A44B-FEAE8DC49EC2}.Release|Any CPU.ActiveCfg = Release|Any CPU
		{CE17AB0D-70CA-485D-A44B-FEAE8DC49EC2}.Release|Any CPU.Build.0 = Release|Any CPU
	EndGlobalSection
	GlobalSection(SolutionProperties) = preSolution
		HideSolutionNode = FALSE
	EndGlobalSection
	GlobalSection(ExtensibilityGlobals) = postSolution
		SolutionGuid = {3777D032-E01D-4A22-BA34-397EEF88936C}
	EndGlobalSection
EndGlobal
